
Microsoft Visual Studio Solution File, Format Version 11.00
# Visual Studio 2010
Project("{FAE04EC0-301F-11D3-BF4B-00C04F79EFBC}") = "MapReduce", "MapReduce\MapReduce.csproj", "{83EA7AEE-6A2C-4B94-9FEC-074E6EA34ADF}"
EndProject
Project("{2150E333-8FDC-42A3-9474-1A3956D46DE8}") = "Solution Items", "Solution Items", "{374F5800-1A9F-4622-AB67-482B4E78F0D8}"
	ProjectSection(SolutionItems) = preProject
		README.md = README.md
	EndProjectSection
EndProject
Global
	GlobalSection(SolutionConfigurationPlatforms) = preSolution
		Debug|x86 = Debug|x86
		Release|x86 = Release|x86
	EndGlobalSection
	GlobalSection(ProjectConfigurationPlatforms) = postSolution
		{83EA7AEE-6A2C-4B94-9FEC-074E6EA34ADF}.Debug|x86.ActiveCfg = Debug|x86
		{83EA7AEE-6A2C-4B94-9FEC-074E6EA34ADF}.Debug|x86.Build.0 = Debug|x86
		{83EA7AEE-6A2C-4B94-9FEC-074E6EA34ADF}.Release|x86.ActiveCfg = Release|x86
		{83EA7AEE-6A2C-4B94-9FEC-074E6EA34ADF}.Release|x86.Build.0 = Release|x86
	EndGlobalSection
	GlobalSection(SolutionProperties) = preSolution
		HideSolutionNode = FALSE
	EndGlobalSection
EndGlobal
